cloudeng.io/net v0.0.0-20240104192724-ff629ed569a9 h1:y72jrSO4jEI1drvPBAc8Zv1303Rd0cB2VzHPShijMDE=
cloudeng.io/net v0.0.0-20240104192724-ff629ed569a9/go.mod h1:rID9YZt8X7DnaNjuWrfY79q0Cb0qgFTOi3yxr8zdD10=
cloudeng.io/net v0.0.0-20240119231719-f985f7cde7e8 h1:7baJGByQ0dkd4frhvYwZlbzrlhskvHfKg5dDThSNkKA=
cloudeng.io/net v0.0.0-20240119231719-f985f7cde7e8/go.mod h1:rID9YZt8X7DnaNjuWrfY79q0Cb0qgFTOi3yxr8zdD10=
cloudeng.io/net v0.0.0-20240120234157-7e30acc5437f h1:XxzDRRfquD4RSecbuhsqWClRKz6B+JaViCHI013BaeQ=
cloudeng.io/net v0.0.0-20240120234157-7e30acc5437f/go.mod h1:rID9YZt8X7DnaNjuWrfY79q0Cb0qgFTOi3yxr8zdD10=
cloudeng.io/net v0.0.0-20240202174018-08d12d8a1d06 h1:Yi0bMVLCvDHPtnLIwlwXPUtwns3UZ8TI+yJsyQ7Ihk8=
cloudeng.io/net v0.0.0-20240202174018-08d12d8a1d06/go.mod h1:rID9YZt8X7DnaNjuWrfY79q0Cb0qgFTOi3yxr8zdD10=
cloudeng.io/net v0.0.0-20240203201011-836f54a43a9d h1:0CxHqZ0g2rkUxF7dC6fBlYiBlA6ncXzRdeAKrQg4U4Y=
cloudeng.io/net v0.0.0-20240203201011-836f54a43a9d/go.mod h1:rID9YZt8X7DnaNjuWrfY79q0Cb0qgFTOi3yxr8zdD10=
cloudeng.io/net v0.0.0-20240210001133-618190ebc0b4 h1:du5oP5wBv1q6vFQS9PTLrjtKJZ+XPF34ViFi1rmoGFw=
cloudeng.io/net v0.0.0-20240210001133-618190ebc0b4/go.mod h1:XuBu77qKsoYfixO8wiFE7dsYTJPqJsTVOjNBNQlMU1U=
cloudeng.io/net v0.0.0-20240210202222-c68525b34d95 h1:KXugnYnRDVRzHlZKguwoe4frIjdferClFWvua++unu8=
cloudeng.io/net v0.0.0-20240210202222-c68525b34d95/go.mod h1:XuBu77qKsoYfixO8wiFE7dsYTJPqJsTVOjNBNQlMU1U=
cloudeng.io/net v0.0.0-20240216230957-f4688e7501a0 h1:s3TGoYZL1ZuYvUitdzCi8xH7KKhK2dwFLAiMzt3IGr4=
cloudeng.io/net v0.0.0-20240216230957-f4688e7501a0/go.mod h1:1MmRGFc96u3Ml+XNlnsq/Pjmu5XwDxXi9zvkKpkTPlk=
cloudeng.io/net v0.0.0-20240217004632-275fb7d27f06 h1:sZ4iuUR8oce0AMHEIFJIgrVxf7siMaL1vJy6wFFXf4Y=
cloudeng.io/net v0.0.0-20240217004632-275fb7d27f06/go.mod h1:1MmRGFc96u3Ml+XNlnsq/Pjmu5XwDxXi9zvkKpkTPlk=
github.com/arran4/golang-ical v0.2.3 h1:C4Vj7+BjJBIrAJhHgi6Ku+XUkQVugRq4re5Cqj5QVdE=
github.com/arran4/golang-ical v0.2.3/go.mod h1:RqMuPGmwRRwjkb07hmm+JBqcWa1vF1LvVmPtSZN2OhQ=
github.com/arran4/golang-ical v0.2.4 h1:0/rTXn2qqEekLKec3SzRRy+z7pCLtniMb0KD/dPogUo=
github.com/arran4/golang-ical v0.2.4/go.mod h1:RqMuPGmwRRwjkb07hmm+JBqcWa1vF1LvVmPtSZN2OhQ=
github.com/beorn7/perks v1.0.1 h1:VlbKKnNfV8bJzeqoa4cOKqO6bYr3WgKZxO8Z16+hsOM=
github.com/beorn7/perks v1.0.1/go.mod h1:G2ZrVWU2WbWT9wwq4/hrbKbnv/1ERSJQ0ibhJ6rlkpw=
github.com/cespare/xxhash/v2 v2.2.0 h1:DC2CZ1Ep5Y4k3ZQ899DldepgrayRUGE6BBZ/cd9Cj44=
github.com/cespare/xxhash/v2 v2.2.0/go.mod h1:VGX0DQ3Q6kWi7AoAeZDth3/j3BFtOZR5XLFGgcrjCOs=
github.com/creack/pty v1.1.9/go.mod h1:oKZEueFk5CKHvIhNR5MUki03XCEU+Q6VDXinZuGJ33E=
github.com/davecgh/go-spew v1.1.0/go.mod h1:J7Y8YcW2NihsgmVo/mv3lAwl/skON4iLHjSsI+c5H38=
github.com/davecgh/go-spew v1.1.1 h1:vj9j/u1bqnvCEfJOwUhtlOARqs3+rkHYY13jYWTU97c=
github.com/davecgh/go-spew v1.1.1/go.mod h1:J7Y8YcW2NihsgmVo/mv3lAwl/skON4iLHjSsI+c5H38=
github.com/golang/protobuf v1.5.0/go.mod h1:FsONVRAS9T7sI+LIUmWTfcYkHO4aIWwzhcaSAoJOfIk=
github.com/google/go-cmp v0.4.0/go.mod h1:v8dTdLbMG2kIc/vJvl+f65V22dbkXbowE6jgT/gNBxE=
github.com/google/go-cmp v0.5.5/go.mod h1:v8dTdLbMG2kIc/vJvl+f65V22dbkXbowE6jgT/gNBxE=
github.com/google/go-cmp v0.5.9 h1:O2Tfq5qg4qc4AmwVlvv0oLiVAGB7enBSJ2x2DqQFi38=
github.com/google/go-cmp v0.5.9/go.mod h1:17dUlkBOakJ0+DkrSSNjCkIjxS6bF9zb3elmeNGIjoY=
github.com/kr/pty v1.1.1/go.mod h1:pFQYn66WHrOpPYNljwOMqo10TkYh1fy3cYio2l3bCsQ=
github.com/kr/text v0.1.0/go.mod h1:4Jbv+DJW3UT/LiOwJeYQe1efqtUx/iVham/4vfdArNI=
github.com/kr/text v0.2.0/go.mod h1:eLer722TekiGuMkidMxC/pM04lWEeraHUUmBw8l2grE=
github.com/matttproud/golang_protobuf_extensions/v2 v2.0.0 h1:jWpvCLoY8Z/e3VKvlsiIGKtc+UG6U5vzxaoagmhXfyg=
github.com/matttproud/golang_protobuf_extensions/v2 v2.0.0/go.mod h1:QUyp042oQthUoa9bqDv0ER0wrtXnBruoNd7aNjkbP+k=
github.com/niemeyer/pretty v0.0.0-20200227124842-a10e7caefd8e/go.mod h1:zD1mROLANZcx1PVRCS0qkT7pwLkGfwJo4zjcN/Tysno=
github.com/pmezard/go-difflib v1.0.0 h1:4DBwDE0NGyQoBHbLQYPwSUPoCMWR5BEzIk/f1lZbAQM=
github.com/pmezard/go-difflib v1.0.0/go.mod h1:iKH77koFhYxTK1pcRnkKkqfTogsbg7gZNVY4sRDYZ/4=
github.com/prometheus/client_golang v1.18.0 h1:HzFfmkOzH5Q8L8G+kSJKUx5dtG87sewO+FoDDqP5Tbk=
github.com/prometheus/client_golang v1.18.0/go.mod h1:T+GXkCk5wSJyOqMIzVgvvjFDlkOQntgjkJWKrN5txjA=
github.com/prometheus/client_model v0.5.0 h1:VQw1hfvPvk3Uv6Qf29VrPF32JB6rtbgI6cYPYQjL0Qw=
github.com/prometheus/client_model v0.5.0/go.mod h1:dTiFglRmd66nLR9Pv9f0mZi7B7fk5Pm3gvsjB5tr+kI=
github.com/prometheus/common v0.45.0 h1:2BGz0eBc2hdMDLnO/8n0jeB3oPrt2D08CekT0lneoxM=
github.com/prometheus/common v0.45.0/go.mod h1:YJmSTw9BoKxJplESWWxlbyttQR4uaEcGyv9MZjVOJsY=
github.com/prometheus/procfs v0.12.0 h1:jluTpSng7V9hY0O2R9DzzJHYb2xULk9VTR1V1R/k6Bo=
github.com/prometheus/procfs v0.12.0/go.mod h1:pcuDEFsWDnvcgNzo4EEweacyhjeA9Zk3cnaOZAZEfOo=
github.com/stretchr/objx v0.1.0/go.mod h1:HFkY916IF+rwdDfMAkV7OtwuqBVzrE8GR6GFx+wExME=
github.com/stretchr/testify v1.7.0 h1:nwc3DEeHmmLAfoZucVR881uASk0Mfjw8xYJ99tb5CcY=
github.com/stretchr/testify v1.7.0/go.mod h1:6Fq8oRcR53rry900zMqJjRRixrwX3KX962/h/Wwjteg=
go.lsp.dev/uri v0.3.0 h1:KcZJmh6nFIBeJzTugn5JTU6OOyG0lDOo3R9KwTxTYbo=
go.lsp.dev/uri v0.3.0/go.mod h1:P5sbO1IQR+qySTWOCnhnK7phBx+W3zbLqSMDJNTw88I=
go.uber.org/mock v0.4.0 h1:VcM4ZOtdbR4f6VXfiOpwpVJDL6lCReaZ6mw31wqh7KU=
go.uber.org/mock v0.4.0/go.mod h1:a6FSlNadKUHUa9IP5Vyt1zh4fC7uAwxMutEAscFbkZc=
golang.org/x/sys v0.15.0 h1:h48lPFYpsTvQJZF4EKyI4aLHaev3CxivZmv7yZig9pc=
golang.org/x/sys v0.15.0/go.mod h1:/VUhepiaJMQUp4+oa/7Zr1D23ma6VTLIYjOOTFZPUcA=
golang.org/x/sys v0.16.0 h1:xWw16ngr6ZMtmxDyKyIgsE93KNKz5HKmMa3b8ALHidU=
golang.org/x/sys v0.16.0/go.mod h1:/VUhepiaJMQUp4+oa/7Zr1D23ma6VTLIYjOOTFZPUcA=
golang.org/x/xerrors v0.0.0-20191204190536-9bdfabe68543/go.mod h1:I/5z698sn9Ka8TeJc9MKroUUfqBBauWjQqLJ2OPfmY0=
google.golang.org/protobuf v1.26.0-rc.1/go.mod h1:jlhhOSvTdKEhbULTjvd4ARK9grFBp09yW+WbY/TyQbw=
google.golang.org/protobuf v1.31.0 h1:g0LDEJHgrBl9N9r17Ru3sqWhkIx2NB67okBHPwC7hs8=
google.golang.org/protobuf v1.31.0/go.mod h1:HV8QOd/L58Z+nl8r43ehVNZIU/HEI6OcFqwMG9pJV4I=
gopkg.in/check.v1 v0.0.0-20161208181325-20d25e280405/go.mod h1:Co6ibVJAznAaIkqp8huTwlJQCZ016jof/cbN4VW5Yz0=
gopkg.in/check.v1 v1.0.0-20200227125254-8fa46927fb4f/go.mod h1:Co6ibVJAznAaIkqp8huTwlJQCZ016jof/cbN4VW5Yz0=
gopkg.in/yaml.v3 v3.0.0-20200313102051-9f266ea9e77c/go.mod h1:K4uyk7z7BCEPqu6E+C64Yfv1cQ7kz7rIZviUmN+EgEM=
gopkg.in/yaml.v3 v3.0.0 h1:hjy8E9ON/egN1tAYqKb61G10WtihqetD4sz2H+8nIeA=
gopkg.in/yaml.v3 v3.0.0/go.mod h1:K4uyk7z7BCEPqu6E+C64Yfv1cQ7kz7rIZviUmN+EgEM=
